
Microsoft Visual Studio Solution File, Format Version 12.00
# Visual Studio Version 17
VisualStudioVersion = 17.1.32421.90
MinimumVisualStudioVersion = 10.0.40219.1
Project("{9A19103F-16F7-4668-BE54-9A1E7A4F7556}") = "MetaExchange.Models", "MetaExchange.Models\MetaExchange.Models.csproj", "{E41FE600-92E3-48BC-A77D-EB5223D7F2FA}"
EndProject
Project("{9A19103F-16F7-4668-BE54-9A1E7A4F7556}") = "MetaExchange.Services", "MetaExchangeServices\MetaExchange.Services.csproj", "{FE0AA794-0052-4D88-9446-2735B3F915D0}"
EndProject
Project("{FAE04EC0-301F-11D3-BF4B-00C04F79EFBC}") = "MetaExchange.ConsoleUI", "MetaExchange.ConsoleUI\MetaExchange.ConsoleUI.csproj", "{EEA96F3C-B881-4B2D-B9D6-13D02A4BC34A}"
EndProject
Project("{FAE04EC0-301F-11D3-BF4B-00C04F79EFBC}") = "MetaExchange.WebAPI", "MetaExchange.WebAPI\MetaExchange.WebAPI.csproj", "{6108BBE2-B58A-41B3-9D8F-AEEF618B73DF}"
EndProject
Project("{FAE04EC0-301F-11D3-BF4B-00C04F79EFBC}") = "MetaExchange.Services.Tests", "MetaExchange.Services.Tests\MetaExchange.Services.Tests.csproj", "{D0B5694D-BA97-4C8B-B00D-CE9EF18152C8}"
EndProject
Global
	GlobalSection(SolutionConfigurationPlatforms) = preSolution
		Debug|Any CPU = Debug|Any CPU
		Release|Any CPU = Release|Any CPU
	EndGlobalSection
	GlobalSection(ProjectConfigurationPlatforms) = postSolution
		{E41FE600-92E3-48BC-A77D-EB5223D7F2FA}.Debug|Any CPU.ActiveCfg = Debug|Any CPU
		{E41FE600-92E3-48BC-A77D-EB5223D7F2FA}.Debug|Any CPU.Build.0 = Debug|Any CPU
		{E41FE600-92E3-48BC-A77D-EB5223D7F2FA}.Release|Any CPU.ActiveCfg = Release|Any CPU
		{E41FE600-92E3-48BC-A77D-EB5223D7F2FA}.Release|Any CPU.Build.0 = Release|Any CPU
		{FE0AA794-0052-4D88-9446-2735B3F915D0}.Debug|Any CPU.ActiveCfg = Debug|Any CPU
		{FE0AA794-0052-4D88-9446-2735B3F915D0}.Debug|Any CPU.Build.0 = Debug|Any CPU
		{FE0AA794-0052-4D88-9446-2735B3F915D0}.Release|Any CPU.ActiveCfg = Release|Any CPU
		{FE0AA794-0052-4D88-9446-2735B3F915D0}.Release|Any CPU.Build.0 = Release|Any CPU
		{EEA96F3C-B881-4B2D-B9D6-13D02A4BC34A}.Debug|Any CPU.ActiveCfg = Debug|Any CPU
		{EEA96F3C-B881-4B2D-B9D6-13D02A4BC34A}.Debug|Any CPU.Build.0 = Debug|Any CPU
		{EEA96F3C-B881-4B2D-B9D6-13D02A4BC34A}.Release|Any CPU.ActiveCfg = Release|Any CPU
		{EEA96F3C-B881-4B2D-B9D6-13D02A4BC34A}.Release|Any CPU.Build.0 = Release|Any CPU
		{6108BBE2-B58A-41B3-9D8F-AEEF618B73DF}.Debug|Any CPU.ActiveCfg = Debug|Any CPU
		{6108BBE2-B58A-41B3-9D8F-AEEF618B73DF}.Debug|Any CPU.Build.0 = Debug|Any CPU
		{6108BBE2-B58A-41B3-9D8F-AEEF618B73DF}.Release|Any CPU.ActiveCfg = Release|Any CPU
		{6108BBE2-B58A-41B3-9D8F-AEEF618B73DF}.Release|Any CPU.Build.0 = Release|Any CPU
		{D0B5694D-BA97-4C8B-B00D-CE9EF18152C8}.Debug|Any CPU.ActiveCfg = Debug|Any CPU
		{D0B5694D-BA97-4C8B-B00D-CE9EF18152C8}.Debug|Any CPU.Build.0 = Debug|Any CPU
		{D0B5694D-BA97-4C8B-B00D-CE9EF18152C8}.Release|Any CPU.ActiveCfg = Release|Any CPU
		{D0B5694D-BA97-4C8B-B00D-CE9EF18152C8}.Release|Any CPU.Build.0 = Release|Any CPU
	EndGlobalSection
	GlobalSection(SolutionProperties) = preSolution
		HideSolutionNode = FALSE
	EndGlobalSection
	GlobalSection(ExtensibilityGlobals) = postSolution
		SolutionGuid = {5E2FEC73-A506-4725-A6BC-4BA44084804C}
	EndGlobalSection
EndGlobal
